Microsoft Visual Studio Solution File, Format Version 11.00
# Visual Studio 2008

Project("{29F32FE3-3B92-DB39-8CE0-6E9751148380}") = "Miners_Bad_Day", "Assembly-CSharp-vs.csproj", "{E2C34B1A-F375-6E93-33C1-E2338674B70F}"
EndProject
Global
	GlobalSection(SolutionConfigurationPlatforms) = preSolution
		Debug|Any CPU = Debug|Any CPU
		Release|Any CPU = Release|Any CPU
	EndGlobalSection
	GlobalSection(ProjectConfigurationPlatforms) = postSolution
		{E2C34B1A-F375-6E93-33C1-E2338674B70F}.Debug|Any CPU.ActiveCfg = Debug|Any CPU
		{E2C34B1A-F375-6E93-33C1-E2338674B70F}.Debug|Any CPU.Build.0 = Debug|Any CPU
		{E2C34B1A-F375-6E93-33C1-E2338674B70F}.Release|Any CPU.ActiveCfg = Release|Any CPU
		{E2C34B1A-F375-6E93-33C1-E2338674B70F}.Release|Any CPU.Build.0 = Release|Any CPU
	EndGlobalSection
	GlobalSection(SolutionProperties) = preSolution
		HideSolutionNode = FALSE
	EndGlobalSection
												GlobalSection(MonoDevelopProperties) = preSolution
		StartupItem = Assembly-CSharp.csproj
		Policies = $0
		$0.TextStylePolicy = $1
		$1.inheritsSet = null
		$1.scope = text/x-csharp
		$0.CSharpFormattingPolicy = $2
		$2.inheritsSet = Mono
		$2.inheritsScope = text/x-csharp
		$2.scope = text/x-csharp
		$0.TextStylePolicy = $3
		$3.FileWidth = 120
		$3.TabWidth = 4
		$3.EolMarker = Unix
		$3.inheritsSet = Mono
		$3.inheritsScope = text/plain
		$3.scope = text/plain
	EndGlobalSection

EndGlobal
